
Microsoft Visual Studio Solution File, Format Version 12.00
# Visual Studio Version 17
VisualStudioVersion = 17.14.36518.9 d17.14
MinimumVisualStudioVersion = 10.0.40219.1
Project("{FAE04EC0-301F-11D3-BF4B-00C04F79EFBC}") = "Week1-practical", "Week1-practical\Week1-practical.csproj", "{B70F164D-DE1A-4CE5-8FFB-66A4131C7C7F}"
EndProject
Global
	GlobalSection(SolutionConfigurationPlatforms) = preSolution
		Debug|Any CPU = Debug|Any CPU
		Release|Any CPU = Release|Any CPU
	EndGlobalSection
	GlobalSection(ProjectConfigurationPlatforms) = postSolution
		{B70F164D-DE1A-4CE5-8FFB-66A4131C7C7F}.Debug|Any CPU.ActiveCfg = Debug|Any CPU
		{B70F164D-DE1A-4CE5-8FFB-66A4131C7C7F}.Debug|Any CPU.Build.0 = Debug|Any CPU
		{B70F164D-DE1A-4CE5-8FFB-66A4131C7C7F}.Release|Any CPU.ActiveCfg = Release|Any CPU
		{B70F164D-DE1A-4CE5-8FFB-66A4131C7C7F}.Release|Any CPU.Build.0 = Release|Any CPU
	EndGlobalSection
	GlobalSection(SolutionProperties) = preSolution
		HideSolutionNode = FALSE
	EndGlobalSection
	GlobalSection(ExtensibilityGlobals) = postSolution
		SolutionGuid = {62AAF216-E00A-42D5-B9A3-4117A8C62F3B}
	EndGlobalSection
EndGlobal
